
Microsoft Visual Studio Solution File, Format Version 12.00
# Visual Studio Version 16
VisualStudioVersion = 16.0.29326.143
MinimumVisualStudioVersion = 10.0.40219.1
Project("{FAE04EC0-301F-11D3-BF4B-00C04F79EFBC}") = "TransponderReceiverUser", "TransponderReceiverUser\TransponderReceiverUser.csproj", "{AD9E07F6-3D14-47C9-955E-FF20C7FE5433}"
EndProject
Project("{FAE04EC0-301F-11D3-BF4B-00C04F79EFBC}") = "TransponderReceiverUser.Test.Unit", "TransponderReceiverUser.Test.Unit\TransponderReceiverUser.Test.Unit.csproj", "{3F42207F-5BB8-4BB5-9E68-4821FCC4B176}"
EndProject
Project("{FAE04EC0-301F-11D3-BF4B-00C04F79EFBC}") = "TransponderReceiverApplication", "TransponderReceiverApplication\TransponderReceiverApplication.csproj", "{5BF5A5A7-E181-4321-A362-D16F4849586A}"
EndProject
Project("{FAE04EC0-301F-11D3-BF4B-00C04F79EFBC}") = "TransponderFilter", "TransponderFilter\TransponderFilter.csproj", "{D7BE8990-A1E6-4F66-BF25-75219C103BFE}"
EndProject
Project("{FAE04EC0-301F-11D3-BF4B-00C04F79EFBC}") = "TransponderFilter.Test.Unit", "TransponderFilter.Test.Unit\TransponderFilter.Test.Unit.csproj", "{43DF30E1-6CF7-4FFE-B2C4-EE16A9D046EB}"
EndProject
Project("{FAE04EC0-301F-11D3-BF4B-00C04F79EFBC}") = "TransponderOutput", "TrandsponderOutput\TransponderOutput.csproj", "{740363F7-EC81-446F-8C8A-452CC8C9E0A9}"
EndProject
Project("{FAE04EC0-301F-11D3-BF4B-00C04F79EFBC}") = "ConditionDetection", "ConditionDetection\ConditionDetection.csproj", "{11E76336-DFCA-4391-970C-1B97705158FD}"
EndProject
Global
	GlobalSection(SolutionConfigurationPlatforms) = preSolution
		Debug|Any CPU = Debug|Any CPU
		Release|Any CPU = Release|Any CPU
	EndGlobalSection
	GlobalSection(ProjectConfigurationPlatforms) = postSolution
		{AD9E07F6-3D14-47C9-955E-FF20C7FE5433}.Debug|Any CPU.ActiveCfg = Debug|Any CPU
		{AD9E07F6-3D14-47C9-955E-FF20C7FE5433}.Debug|Any CPU.Build.0 = Debug|Any CPU
		{AD9E07F6-3D14-47C9-955E-FF20C7FE5433}.Release|Any CPU.ActiveCfg = Release|Any CPU
		{AD9E07F6-3D14-47C9-955E-FF20C7FE5433}.Release|Any CPU.Build.0 = Release|Any CPU
		{3F42207F-5BB8-4BB5-9E68-4821FCC4B176}.Debug|Any CPU.ActiveCfg = Debug|Any CPU
		{3F42207F-5BB8-4BB5-9E68-4821FCC4B176}.Debug|Any CPU.Build.0 = Debug|Any CPU
		{3F42207F-5BB8-4BB5-9E68-4821FCC4B176}.Release|Any CPU.ActiveCfg = Release|Any CPU
		{3F42207F-5BB8-4BB5-9E68-4821FCC4B176}.Release|Any CPU.Build.0 = Release|Any CPU
		{5BF5A5A7-E181-4321-A362-D16F4849586A}.Debug|Any CPU.ActiveCfg = Debug|Any CPU
		{5BF5A5A7-E181-4321-A362-D16F4849586A}.Debug|Any CPU.Build.0 = Debug|Any CPU
		{5BF5A5A7-E181-4321-A362-D16F4849586A}.Release|Any CPU.ActiveCfg = Release|Any CPU
		{5BF5A5A7-E181-4321-A362-D16F4849586A}.Release|Any CPU.Build.0 = Release|Any CPU
		{D7BE8990-A1E6-4F66-BF25-75219C103BFE}.Debug|Any CPU.ActiveCfg = Debug|Any CPU
		{D7BE8990-A1E6-4F66-BF25-75219C103BFE}.Debug|Any CPU.Build.0 = Debug|Any CPU
		{D7BE8990-A1E6-4F66-BF25-75219C103BFE}.Release|Any CPU.ActiveCfg = Release|Any CPU
		{D7BE8990-A1E6-4F66-BF25-75219C103BFE}.Release|Any CPU.Build.0 = Release|Any CPU
		{43DF30E1-6CF7-4FFE-B2C4-EE16A9D046EB}.Debug|Any CPU.ActiveCfg = Debug|Any CPU
		{43DF30E1-6CF7-4FFE-B2C4-EE16A9D046EB}.Debug|Any CPU.Build.0 = Debug|Any CPU
		{43DF30E1-6CF7-4FFE-B2C4-EE16A9D046EB}.Release|Any CPU.ActiveCfg = Release|Any CPU
		{43DF30E1-6CF7-4FFE-B2C4-EE16A9D046EB}.Release|Any CPU.Build.0 = Release|Any CPU
		{740363F7-EC81-446F-8C8A-452CC8C9E0A9}.Debug|Any CPU.ActiveCfg = Debug|Any CPU
		{740363F7-EC81-446F-8C8A-452CC8C9E0A9}.Debug|Any CPU.Build.0 = Debug|Any CPU
		{740363F7-EC81-446F-8C8A-452CC8C9E0A9}.Release|Any CPU.ActiveCfg = Release|Any CPU
		{740363F7-EC81-446F-8C8A-452CC8C9E0A9}.Release|Any CPU.Build.0 = Release|Any CPU
		{11E76336-DFCA-4391-970C-1B97705158FD}.Debug|Any CPU.ActiveCfg = Debug|Any CPU
		{11E76336-DFCA-4391-970C-1B97705158FD}.Debug|Any CPU.Build.0 = Debug|Any CPU
		{11E76336-DFCA-4391-970C-1B97705158FD}.Release|Any CPU.ActiveCfg = Release|Any CPU
		{11E76336-DFCA-4391-970C-1B97705158FD}.Release|Any CPU.Build.0 = Release|Any CPU
	EndGlobalSection
	GlobalSection(SolutionProperties) = preSolution
		HideSolutionNode = FALSE
	EndGlobalSection
	GlobalSection(ExtensibilityGlobals) = postSolution
		SolutionGuid = {E1E3A2BB-36E7-4C16-AD38-7C49CC5CD24D}
	EndGlobalSection
EndGlobal
